
Microsoft Visual Studio Solution File, Format Version 12.00
# Visual Studio Version 16
VisualStudioVersion = 16.0.30503.244
MinimumVisualStudioVersion = 10.0.40219.1
Project("{9A19103F-16F7-4668-BE54-9A1E7A4F7556}") = "DataAccess", "DataAccess\DataAccess.csproj", "{A76B5B3A-4C37-4826-9365-884ECB893A1A}"
EndProject
Project("{9A19103F-16F7-4668-BE54-9A1E7A4F7556}") = "Business", "Business\Business.csproj", "{3444858A-4678-4EE6-B300-20A5AB25C2D4}"
EndProject
Project("{9A19103F-16F7-4668-BE54-9A1E7A4F7556}") = "Entities", "Entities\Entities.csproj", "{BB239A7B-5573-483F-9D21-9EF441A50F65}"
EndProject
Project("{9A19103F-16F7-4668-BE54-9A1E7A4F7556}") = "ConsoleUI", "ConsoleUI\ConsoleUI.csproj", "{E6FE5483-7612-49EC-A750-A26A2C1D4842}"
EndProject
Project("{9A19103F-16F7-4668-BE54-9A1E7A4F7556}") = "Core", "Core\Core.csproj", "{FBB1A401-78C3-414D-9567-35BED8DC77B5}"
EndProject
Project("{FAE04EC0-301F-11D3-BF4B-00C04F79EFBC}") = "WebAPI", "WebAPI\WebAPI.csproj", "{B7F29224-5D44-4885-A42E-0341F79476F0}"
EndProject
Global
	GlobalSection(SolutionConfigurationPlatforms) = preSolution
		Debug|Any CPU = Debug|Any CPU
		Release|Any CPU = Release|Any CPU
	EndGlobalSection
	GlobalSection(ProjectConfigurationPlatforms) = postSolution
		{A76B5B3A-4C37-4826-9365-884ECB893A1A}.Debug|Any CPU.ActiveCfg = Debug|Any CPU
		{A76B5B3A-4C37-4826-9365-884ECB893A1A}.Debug|Any CPU.Build.0 = Debug|Any CPU
		{A76B5B3A-4C37-4826-9365-884ECB893A1A}.Release|Any CPU.ActiveCfg = Release|Any CPU
		{A76B5B3A-4C37-4826-9365-884ECB893A1A}.Release|Any CPU.Build.0 = Release|Any CPU
		{3444858A-4678-4EE6-B300-20A5AB25C2D4}.Debug|Any CPU.ActiveCfg = Debug|Any CPU
		{3444858A-4678-4EE6-B300-20A5AB25C2D4}.Debug|Any CPU.Build.0 = Debug|Any CPU
		{3444858A-4678-4EE6-B300-20A5AB25C2D4}.Release|Any CPU.ActiveCfg = Release|Any CPU
		{3444858A-4678-4EE6-B300-20A5AB25C2D4}.Release|Any CPU.Build.0 = Release|Any CPU
		{BB239A7B-5573-483F-9D21-9EF441A50F65}.Debug|Any CPU.ActiveCfg = Debug|Any CPU
		{BB239A7B-5573-483F-9D21-9EF441A50F65}.Debug|Any CPU.Build.0 = Debug|Any CPU
		{BB239A7B-5573-483F-9D21-9EF441A50F65}.Release|Any CPU.ActiveCfg = Release|Any CPU
		{BB239A7B-5573-483F-9D21-9EF441A50F65}.Release|Any CPU.Build.0 = Release|Any CPU
		{E6FE5483-7612-49EC-A750-A26A2C1D4842}.Debug|Any CPU.ActiveCfg = Debug|Any CPU
		{E6FE5483-7612-49EC-A750-A26A2C1D4842}.Debug|Any CPU.Build.0 = Debug|Any CPU
		{E6FE5483-7612-49EC-A750-A26A2C1D4842}.Release|Any CPU.ActiveCfg = Release|Any CPU
		{E6FE5483-7612-49EC-A750-A26A2C1D4842}.Release|Any CPU.Build.0 = Release|Any CPU
		{FBB1A401-78C3-414D-9567-35BED8DC77B5}.Debug|Any CPU.ActiveCfg = Debug|Any CPU
		{FBB1A401-78C3-414D-9567-35BED8DC77B5}.Debug|Any CPU.Build.0 = Debug|Any CPU
		{FBB1A401-78C3-414D-9567-35BED8DC77B5}.Release|Any CPU.ActiveCfg = Release|Any CPU
		{FBB1A401-78C3-414D-9567-35BED8DC77B5}.Release|Any CPU.Build.0 = Release|Any CPU
		{B7F29224-5D44-4885-A42E-0341F79476F0}.Debug|Any CPU.ActiveCfg = Debug|Any CPU
		{B7F29224-5D44-4885-A42E-0341F79476F0}.Debug|Any CPU.Build.0 = Debug|Any CPU
		{B7F29224-5D44-4885-A42E-0341F79476F0}.Release|Any CPU.ActiveCfg = Release|Any CPU
		{B7F29224-5D44-4885-A42E-0341F79476F0}.Release|Any CPU.Build.0 = Release|Any CPU
	EndGlobalSection
	GlobalSection(SolutionProperties) = preSolution
		HideSolutionNode = FALSE
	EndGlobalSection
	GlobalSection(ExtensibilityGlobals) = postSolution
		SolutionGuid = {AA9E0716-89F1-47BA-8875-A17C760DFA1F}
	EndGlobalSection
EndGlobal
